// !$*UTF8*$!
{
	archiveVersion = 1;
	classes = {
	};
	objectVersion = 50;
	objects = {

/* Begin PBXBuildFile section */
		FC7C938C2188C0FC0036F482 /* libsfml-audio.2.5.1.dylib in Frameworks */ = {isa = PBXBuildFile; fileRef = FC7C93872188C0FC0036F482 /* libsfml-audio.2.5.1.dylib */; };
		FC7C938D2188C0FC0036F482 /* libsfml-graphics.2.5.1.dylib in Frameworks */ = {isa = PBXBuildFile; fileRef = FC7C93882188C0FC0036F482 /* libsfml-graphics.2.5.1.dylib */; };
		FC7C938E2188C0FC0036F482 /* libsfml-system.2.5.1.dylib in Frameworks */ = {isa = PBXBuildFile; fileRef = FC7C93892188C0FC0036F482 /* libsfml-system.2.5.1.dylib */; };
		FC7C938F2188C0FC0036F482 /* libsfml-window.2.5.1.dylib in Frameworks */ = {isa = PBXBuildFile; fileRef = FC7C938A2188C0FC0036F482 /* libsfml-window.2.5.1.dylib */; };
		FC7C93902188C0FC0036F482 /* libsfml-network.2.5.1.dylib in Frameworks */ = {isa = PBXBuildFile; fileRef = FC7C938B2188C0FC0036F482 /* libsfml-network.2.5.1.dylib */; };
		FC7C9396218A26D90036F482 /* main.cpp in Sources */ = {isa = PBXBuildFile; fileRef = FC7C9394218A26D90036F482 /* main.cpp */; };
/* End PBXBuildFile section */

/* Begin PBXCopyFilesBuildPhase section */
		FC7C937A2188B5AB0036F482 /* CopyFiles */ = {
			isa = PBXCopyFilesBuildPhase;
			buildActionMask = 2147483647;
			dstPath = /usr/share/man/man1/;
			dstSubfolderSpec = 0;
			files = (
			);
			runOnlyForDeploymentPostprocessing = 1;
		};
/* End PBXCopyFilesBuildPhase section */

/* Begin PBXFileReference section */
		FC7532AF218A4ECC00111CB2 /* graphics */ = {isa = PBXFileReference; lastKnownFileType = folder; name = graphics; path = /Users/lucassehairi/Documents/SFML/graphics; sourceTree = "<absolute>"; };
		FC7532B0218A511900111CB2 /* background.png */ = {isa = PBXFileReference; lastKnownFileType = image.png; name = background.png; path = graphics/background.png; sourceTree = "<group>"; };
		FC7C937C2188B5AB0036F482 /* SFML */ = {isa = PBXFileReference; explicitFileType = "compiled.mach-o.executable"; includeInIndex = 0; path = SFML; sourceTree = BUILT_PRODUCTS_DIR; };
		FC7C93872188C0FC0036F482 /* libsfml-audio.2.5.1.dylib */ = {isa = PBXFileReference; lastKnownFileType = "compiled.mach-o.dylib"; name = "libsfml-audio.2.5.1.dylib"; path = "ExternalLibraries/SFML/lib/libsfml-audio.2.5.1.dylib"; sourceTree = "<group>"; };
		FC7C93882188C0FC0036F482 /* libsfml-graphics.2.5.1.dylib */ = {isa = PBXFileReference; lastKnownFileType = "compiled.mach-o.dylib"; name = "libsfml-graphics.2.5.1.dylib"; path = "ExternalLibraries/SFML/lib/libsfml-graphics.2.5.1.dylib"; sourceTree = "<group>"; };
		FC7C93892188C0FC0036F482 /* libsfml-system.2.5.1.dylib */ = {isa = PBXFileReference; lastKnownFileType = "compiled.mach-o.dylib"; name = "libsfml-system.2.5.1.dylib"; path = "ExternalLibraries/SFML/lib/libsfml-system.2.5.1.dylib"; sourceTree = "<group>"; };
		FC7C938A2188C0FC0036F482 /* libsfml-window.2.5.1.dylib */ = {isa = PBXFileReference; lastKnownFileType = "compiled.mach-o.dylib"; name = "libsfml-window.2.5.1.dylib"; path = "ExternalLibraries/SFML/lib/libsfml-window.2.5.1.dylib"; sourceTree = "<group>"; };
		FC7C938B2188C0FC0036F482 /* libsfml-network.2.5.1.dylib */ = {isa = PBXFileReference; lastKnownFileType = "compiled.mach-o.dylib"; name = "libsfml-network.2.5.1.dylib"; path = "ExternalLibraries/SFML/lib/libsfml-network.2.5.1.dylib"; sourceTree = "<group>"; };
		FC7C9394218A26D90036F482 /* main.cpp */ = {isa = PBXFileReference; lastKnownFileType = sourcecode.cpp.cpp; path = main.cpp; sourceTree = "<group>"; };
		FC7C9395218A26D90036F482 /* main.hpp */ = {isa = PBXFileReference; lastKnownFileType = sourcecode.cpp.h; path = main.hpp; sourceTree = "<group>"; };
/* End PBXFileReference section */

/* Begin PBXFrameworksBuildPhase section */
		FC7C93792188B5AB0036F482 /* Frameworks */ = {
			isa = PBXFrameworksBuildPhase;
			buildActionMask = 2147483647;
			files = (
				FC7C938C2188C0FC0036F482 /* libsfml-audio.2.5.1.dylib in Frameworks */,
				FC7C938D2188C0FC0036F482 /* libsfml-graphics.2.5.1.dylib in Frameworks */,
				FC7C938E2188C0FC0036F482 /* libsfml-system.2.5.1.dylib in Frameworks */,
				FC7C938F2188C0FC0036F482 /* libsfml-window.2.5.1.dylib in Frameworks */,
				FC7C93902188C0FC0036F482 /* libsfml-network.2.5.1.dylib in Frameworks */,
			);
			runOnlyForDeploymentPostprocessing = 0;
		};
/* End PBXFrameworksBuildPhase section */

/* Begin PBXGroup section */
		FC7C93732188B5AB0036F482 = {
			isa = PBXGroup;
			children = (
				FC7532AF218A4ECC00111CB2 /* graphics */,
				FC7C9394218A26D90036F482 /* main.cpp */,
				FC7532B0218A511900111CB2 /* background.png */,
				FC7C9395218A26D90036F482 /* main.hpp */,
				FC7C937E2188B5AB0036F482 /* SFML */,
				FC7C937D2188B5AB0036F482 /* Products */,
				FC7C93862188C0FC0036F482 /* Frameworks */,
			);
			sourceTree = "<group>";
		};
		FC7C937D2188B5AB0036F482 /* Products */ = {
			isa = PBXGroup;
			children = (
				FC7C937C2188B5AB0036F482 /* SFML */,
			);
			name = Products;
			sourceTree = "<group>";
		};
		FC7C937E2188B5AB0036F482 /* SFML */ = {
			isa = PBXGroup;
			children = (
			);
			path = SFML;
			sourceTree = "<group>";
		};
		FC7C93862188C0FC0036F482 /* Frameworks */ = {
			isa = PBXGroup;
			children = (
				FC7C93872188C0FC0036F482 /* libsfml-audio.2.5.1.dylib */,
				FC7C93882188C0FC0036F482 /* libsfml-graphics.2.5.1.dylib */,
				FC7C938B2188C0FC0036F482 /* libsfml-network.2.5.1.dylib */,
				FC7C93892188C0FC0036F482 /* libsfml-system.2.5.1.dylib */,
				FC7C938A2188C0FC0036F482 /* libsfml-window.2.5.1.dylib */,
			);
			name = Frameworks;
			sourceTree = "<group>";
		};
/* End PBXGroup section */

/* Begin PBXNativeTarget section */
		FC7C937B2188B5AB0036F482 /* SFML */ = {
			isa = PBXNativeTarget;
			buildConfigurationList = FC7C93832188B5AB0036F482 /* Build configuration list for PBXNativeTarget "SFML" */;
			buildPhases = (
				FC7C93782188B5AB0036F482 /* Sources */,
				FC7C93792188B5AB0036F482 /* Frameworks */,
				FC7C937A2188B5AB0036F482 /* CopyFiles */,
			);
			buildRules = (
			);
			dependencies = (
			);
			name = SFML;
			productName = SFML;
			productReference = FC7C937C2188B5AB0036F482 /* SFML */;
			productType = "com.apple.product-type.tool";
		};
/* End PBXNativeTarget section */

/* Begin PBXProject section */
		FC7C93742188B5AB0036F482 /* Project object */ = {
			isa = PBXProject;
			attributes = {
				LastUpgradeCheck = 1000;
				ORGANIZATIONNAME = "Lucas Sehairi";
				TargetAttributes = {
					FC7C937B2188B5AB0036F482 = {
						CreatedOnToolsVersion = 10.0;
					};
				};
			};
			buildConfigurationList = FC7C93772188B5AB0036F482 /* Build configuration list for PBXProject "SFML" */;
			compatibilityVersion = "Xcode 9.3";
			developmentRegion = en;
			hasScannedForEncodings = 0;
			knownRegions = (
				en,
			);
			mainGroup = FC7C93732188B5AB0036F482;
			productRefGroup = FC7C937D2188B5AB0036F482 /* Products */;
			projectDirPath = "";
			projectRoot = "";
			targets = (
				FC7C937B2188B5AB0036F482 /* SFML */,
			);
		};
/* End PBXProject section */

/* Begin PBXSourcesBuildPhase section */
		FC7C93782188B5AB0036F482 /* Sources */ = {
			isa = PBXSourcesBuildPhase;
			buildActionMask = 2147483647;
			files = (
				FC7C9396218A26D90036F482 /* main.cpp in Sources */,
			);
			runOnlyForDeploymentPostprocessing = 0;
		};
/* End PBXSourcesBuildPhase section */

/* Begin XCBuildConfiguration section */
		FC7C93812188B5AB0036F482 /* Debug */ = {
			isa = XCBuildConfiguration;
			buildSettings = {
				ALWAYS_SEARCH_USER_PATHS = NO;
				CLANG_ANALYZER_NONNULL = YES;
				CLANG_ANALYZER_NUMBER_OBJECT_CONVERSION = YES_AGGRESSIVE;
				CLANG_CXX_LANGUAGE_STANDARD = "gnu++14";
				CLANG_CXX_LIBRARY = "libc++";
				CLANG_ENABLE_MODULES = YES;
				CLANG_ENABLE_OBJC_ARC = YES;
				CLANG_ENABLE_OBJC_WEAK = YES;
				CLANG_WARN_BLOCK_CAPTURE_AUTORELEASING = YES;
				CLANG_WARN_BOOL_CONVERSION = YES;
				CLANG_WARN_COMMA = YES;
				CLANG_WARN_CONSTANT_CONVERSION = YES;
				CLANG_WARN_DEPRECATED_OBJC_IMPLEMENTATIONS = YES;
				CLANG_WARN_DIRECT_OBJC_ISA_USAGE = YES_ERROR;
				CLANG_WARN_DOCUMENTATION_COMMENTS = YES;
				CLANG_WARN_EMPTY_BODY = YES;
				CLANG_WARN_ENUM_CONVERSION = YES;
				CLANG_WARN_INFINITE_RECURSION = YES;
				CLANG_WARN_INT_CONVERSION = YES;
				CLANG_WARN_NON_LITERAL_NULL_CONVERSION = YES;
				CLANG_WARN_OBJC_IMPLICIT_RETAIN_SELF = YES;
				CLANG_WARN_OBJC_LITERAL_CONVERSION = YES;
				CLANG_WARN_OBJC_ROOT_CLASS = YES_ERROR;
				CLANG_WARN_RANGE_LOOP_ANALYSIS = YES;
				CLANG_WARN_STRICT_PROTOTYPES = YES;
				CLANG_WARN_SUSPICIOUS_MOVE = YES;
				CLANG_WARN_UNGUARDED_AVAILABILITY = YES_AGGRESSIVE;
				CLANG_WARN_UNREACHABLE_CODE = YES;
				CLANG_WARN__DUPLICATE_METHOD_MATCH = YES;
				CODE_SIGN_IDENTITY = "-";
				COPY_PHASE_STRIP = NO;
				DEBUG_INFORMATION_FORMAT = dwarf;
				ENABLE_STRICT_OBJC_MSGSEND = YES;
				ENABLE_TESTABILITY = YES;
				GCC_C_LANGUAGE_STANDARD = gnu11;
				GCC_DYNAMIC_NO_PIC = NO;
				GCC_NO_COMMON_BLOCKS = YES;
				GCC_OPTIMIZATION_LEVEL = 0;
				GCC_PREPROCESSOR_DEFINITIONS = (
					"DEBUG=1",
					"$(inherited)",
				);
				GCC_WARN_64_TO_32_BIT_CONVERSION = YES;
				GCC_WARN_ABOUT_RETURN_TYPE = YES_ERROR;
				GCC_WARN_UNDECLARED_SELECTOR = YES;
				GCC_WARN_UNINITIALIZED_AUTOS = YES_AGGRESSIVE;
				GCC_WARN_UNUSED_FUNCTION = YES;
				GCC_WARN_UNUSED_VARIABLE = YES;
				MACOSX_DEPLOYMENT_TARGET = 10.14;
				MTL_ENABLE_DEBUG_INFO = INCLUDE_SOURCE;
				MTL_FAST_MATH = YES;
				ONLY_ACTIVE_ARCH = YES;
				SDKROOT = macosx;
			};
			name = Debug;
		};
		FC7C93822188B5AB0036F482 /* Release */ = {
			isa = XCBuildConfiguration;
			buildSettings = {
				ALWAYS_SEARCH_USER_PATHS = NO;
				CLANG_ANALYZER_NONNULL = YES;
				CLANG_ANALYZER_NUMBER_OBJECT_CONVERSION = YES_AGGRESSIVE;
				CLANG_CXX_LANGUAGE_STANDARD = "gnu++14";
				CLANG_CXX_LIBRARY = "libc++";
				CLANG_ENABLE_MODULES = YES;
				CLANG_ENABLE_OBJC_ARC = YES;
				CLANG_ENABLE_OBJC_WEAK = YES;
				CLANG_WARN_BLOCK_CAPTURE_AUTORELEASING = YES;
				CLANG_WARN_BOOL_CONVERSION = YES;
				CLANG_WARN_COMMA = YES;
				CLANG_WARN_CONSTANT_CONVERSION = YES;
				CLANG_WARN_DEPRECATED_OBJC_IMPLEMENTATIONS = YES;
				CLANG_WARN_DIRECT_OBJC_ISA_USAGE = YES_ERROR;
				CLANG_WARN_DOCUMENTATION_COMMENTS = YES;
				CLANG_WARN_EMPTY_BODY = YES;
				CLANG_WARN_ENUM_CONVERSION = YES;
				CLANG_WARN_INFINITE_RECURSION = YES;
				CLANG_WARN_INT_CONVERSION = YES;
				CLANG_WARN_NON_LITERAL_NULL_CONVERSION = YES;
				CLANG_WARN_OBJC_IMPLICIT_RETAIN_SELF = YES;
				CLANG_WARN_OBJC_LITERAL_CONVERSION = YES;
				CLANG_WARN_OBJC_ROOT_CLASS = YES_ERROR;
				CLANG_WARN_RANGE_LOOP_ANALYSIS = YES;
				CLANG_WARN_STRICT_PROTOTYPES = YES;
				CLANG_WARN_SUSPICIOUS_MOVE = YES;
				CLANG_WARN_UNGUARDED_AVAILABILITY = YES_AGGRESSIVE;
				CLANG_WARN_UNREACHABLE_CODE = YES;
				CLANG_WARN__DUPLICATE_METHOD_MATCH = YES;
				CODE_SIGN_IDENTITY = "-";
				COPY_PHASE_STRIP = NO;
				DEBUG_INFORMATION_FORMAT = "dwarf-with-dsym";
				ENABLE_NS_ASSERTIONS = NO;
				ENABLE_STRICT_OBJC_MSGSEND = YES;
				GCC_C_LANGUAGE_STANDARD = gnu11;
				GCC_NO_COMMON_BLOCKS = YES;
				GCC_WARN_64_TO_32_BIT_CONVERSION = YES;
				GCC_WARN_ABOUT_RETURN_TYPE = YES_ERROR;
				GCC_WARN_UNDECLARED_SELECTOR = YES;
				GCC_WARN_UNINITIALIZED_AUTOS = YES_AGGRESSIVE;
				GCC_WARN_UNUSED_FUNCTION = YES;
				GCC_WARN_UNUSED_VARIABLE = YES;
				MACOSX_DEPLOYMENT_TARGET = 10.14;
				MTL_ENABLE_DEBUG_INFO = NO;
				MTL_FAST_MATH = YES;
				SDKROOT = macosx;
			};
			name = Release;
		};
		FC7C93842188B5AB0036F482 /* Debug */ = {
			isa = XCBuildConfiguration;
			buildSettings = {
				CODE_SIGN_STYLE = Automatic;
				HEADER_SEARCH_PATHS = "$(SRCROOT)/ExternalLibraries/SFML/include";
				LIBRARY_SEARCH_PATHS = (
					"$(inherited)",
					"$(PROJECT_DIR)/ExternalLibraries/SFML/lib",
				);
				PRODUCT_NAME = "$(TARGET_NAME)";
			};
			name = Debug;
		};
		FC7C93852188B5AB0036F482 /* Release */ = {
			isa = XCBuildConfiguration;
			buildSettings = {
				CODE_SIGN_STYLE = Automatic;
				HEADER_SEARCH_PATHS = "$(SRCROOT)/ExternalLibraries/SFML/include";
				LIBRARY_SEARCH_PATHS = (
					"$(inherited)",
					"$(PROJECT_DIR)/ExternalLibraries/SFML/lib",
				);
				PRODUCT_NAME = "$(TARGET_NAME)";
			};
			name = Release;
		};
/* End XCBuildConfiguration section */

/* Begin XCConfigurationList section */
		FC7C93772188B5AB0036F482 /* Build configuration list for PBXProject "SFML" */ = {
			isa = XCConfigurationList;
			buildConfigurations = (
				FC7C93812188B5AB0036F482 /* Debug */,
				FC7C93822188B5AB0036F482 /* Release */,
			);
			defaultConfigurationIsVisible = 0;
			defaultConfigurationName = Release;
		};
		FC7C93832188B5AB0036F482 /* Build configuration list for PBXNativeTarget "SFML" */ = {
			isa = XCConfigurationList;
			buildConfigurations = (
				FC7C93842188B5AB0036F482 /* Debug */,
				FC7C93852188B5AB0036F482 /* Release */,
			);
			defaultConfigurationIsVisible = 0;
			defaultConfigurationName = Release;
		};
/* End XCConfigurationList section */
	};
	rootObject = FC7C93742188B5AB0036F482 /* Project object */;
}
